# This file is automatically @generated by Cargo.
# It is not intended for manual editing.
version = 4

[[package]]
name = "arrow-schema"
version = "58.3.0"
source = "registry+https://github.com/rust-lang/crates.io-index"
checksum = "f633dbfdf39c039ada1bf9e34c694816eb71fbb7dc78f613993b7245e078a1ed"

[[package]]
name = "simple-graph"
version = "0.1.0"
dependencies = [
 "arrow-schema",
]
